
Microsoft Visual Studio Solution File, Format Version 12.00
# Visual Studio Version 17
VisualStudioVersion = 17.5.002.0
MinimumVisualStudioVersion = 10.0.40219.1
Project("{9A19103F-16F7-4668-BE54-9A1E7A4F7556}") = "velocitaApi", "velocitaApi.csproj", "{FE93DC77-2BB4-40DE-B057-22E4AA261661}"
EndProject
Global
	GlobalSection(SolutionConfigurationPlatforms) = preSolution
		Debug|Any CPU = Debug|Any CPU
		Release|Any CPU = Release|Any CPU
	EndGlobalSection
	GlobalSection(ProjectConfigurationPlatforms) = postSolution
		{FE93DC77-2BB4-40DE-B057-22E4AA261661}.Debug|Any CPU.ActiveCfg = Debug|Any CPU
		{FE93DC77-2BB4-40DE-B057-22E4AA261661}.Debug|Any CPU.Build.0 = Debug|Any CPU
		{FE93DC77-2BB4-40DE-B057-22E4AA261661}.Release|Any CPU.ActiveCfg = Release|Any CPU
		{FE93DC77-2BB4-40DE-B057-22E4AA261661}.Release|Any CPU.Build.0 = Release|Any CPU
	EndGlobalSection
	GlobalSection(SolutionProperties) = preSolution
		HideSolutionNode = FALSE
	EndGlobalSection
	GlobalSection(ExtensibilityGlobals) = postSolution
		SolutionGuid = {AF72047B-1CF3-49C6-97F2-8E0FE62ECAC2}
	EndGlobalSection
EndGlobal
